// !$*UTF8*$!
{
	archiveVersion = 1;
	classes = {
	};
	objectVersion = 50;
	objects = {

/* Begin PBXBuildFile section */
		8ED056E027285F0600CECF90 /* AppDelegate.swift in Sources */ = {isa = PBXBuildFile; fileRef = 8ED056DF27285F0600CECF90 /* AppDelegate.swift */; };
		8ED056E227285F0600CECF90 /* SceneDelegate.swift in Sources */ = {isa = PBXBuildFile; fileRef = 8ED056E127285F0600CECF90 /* SceneDelegate.swift */; };
		8ED056E927285F0B00CECF90 /* Assets.xcassets in Resources */ = {isa = PBXBuildFile; fileRef = 8ED056E827285F0B00CECF90 /* Assets.xcassets */; };
		8ED056EC27285F0B00CECF90 /* LaunchScreen.storyboard in Resources */ = {isa = PBXBuildFile; fileRef = 8ED056EA27285F0B00CECF90 /* LaunchScreen.storyboard */; };
		8ED056FE2728611B00CECF90 /* ViewController.swift in Sources */ = {isa = PBXBuildFile; fileRef = 8ED056F72728611B00CECF90 /* ViewController.swift */; };
		8ED056FF2728611B00CECF90 /* Pytanie.swift in Sources */ = {isa = PBXBuildFile; fileRef = 8ED056F92728611B00CECF90 /* Pytanie.swift */; };
		8ED057002728611B00CECF90 /* Rdzeń.swift in Sources */ = {isa = PBXBuildFile; fileRef = 8ED056FA2728611B00CECF90 /* Rdzeń.swift */; };
		8ED057012728611B00CECF90 /* Main.storyboard in Resources */ = {isa = PBXBuildFile; fileRef = 8ED056FC2728611B00CECF90 /* Main.storyboard */; };
/* End PBXBuildFile section */

/* Begin PBXFileReference section */
		8ED056DC27285F0600CECF90 /* Szubienica.app */ = {isa = PBXFileReference; explicitFileType = wrapper.application; includeInIndex = 0; path = Szubienica.app; sourceTree = BUILT_PRODUCTS_DIR; };
		8ED056DF27285F0600CECF90 /* AppDelegate.swift */ = {isa = PBXFileReference; lastKnownFileType = sourcecode.swift; path = AppDelegate.swift; sourceTree = "<group>"; };
		8ED056E127285F0600CECF90 /* SceneDelegate.swift */ = {isa = PBXFileReference; lastKnownFileType = sourcecode.swift; path = SceneDelegate.swift; sourceTree = "<group>"; };
		8ED056E827285F0B00CECF90 /* Assets.xcassets */ = {isa = PBXFileReference; lastKnownFileType = folder.assetcatalog; path = Assets.xcassets; sourceTree = "<group>"; };
		8ED056EB27285F0B00CECF90 /* Base */ = {isa = PBXFileReference; lastKnownFileType = file.storyboard; name = Base; path = Base.lproj/LaunchScreen.storyboard; sourceTree = "<group>"; };
		8ED056ED27285F0B00CECF90 /* Info.plist */ = {isa = PBXFileReference; lastKnownFileType = text.plist.xml; path = Info.plist; sourceTree = "<group>"; };
		8ED056F72728611B00CECF90 /* ViewController.swift */ = {isa = PBXFileReference; fileEncoding = 4; lastKnownFileType = sourcecode.swift; path = ViewController.swift; sourceTree = "<group>"; };
		8ED056F92728611B00CECF90 /* Pytanie.swift */ = {isa = PBXFileReference; fileEncoding = 4; lastKnownFileType = sourcecode.swift; path = Pytanie.swift; sourceTree = "<group>"; };
		8ED056FA2728611B00CECF90 /* Rdzeń.swift */ = {isa = PBXFileReference; fileEncoding = 4; lastKnownFileType = sourcecode.swift; path = "Rdzeń.swift"; sourceTree = "<group>"; };
		8ED056FD2728611B00CECF90 /* Base */ = {isa = PBXFileReference; lastKnownFileType = file.storyboard; name = Base; path = Base.lproj/Main.storyboard; sourceTree = "<group>"; };
/* End PBXFileReference section */

/* Begin PBXFrameworksBuildPhase section */
		8ED056D927285F0600CECF90 /* Frameworks */ = {
			isa = PBXFrameworksBuildPhase;
			buildActionMask = 2147483647;
			files = (
			);
			runOnlyForDeploymentPostprocessing = 0;
		};
/* End PBXFrameworksBuildPhase section */

/* Begin PBXGroup section */
		8ED056D327285F0600CECF90 = {
			isa = PBXGroup;
			children = (
				8ED056DE27285F0600CECF90 /* Szubienica */,
				8ED056DD27285F0600CECF90 /* Products */,
			);
			sourceTree = "<group>";
		};
		8ED056DD27285F0600CECF90 /* Products */ = {
			isa = PBXGroup;
			children = (
				8ED056DC27285F0600CECF90 /* Szubienica.app */,
			);
			name = Products;
			sourceTree = "<group>";
		};
		8ED056DE27285F0600CECF90 /* Szubienica */ = {
			isa = PBXGroup;
			children = (
				8ED056DF27285F0600CECF90 /* AppDelegate.swift */,
				8ED056E127285F0600CECF90 /* SceneDelegate.swift */,
				8ED056F82728611B00CECF90 /* Model */,
				8ED056FB2728611B00CECF90 /* View */,
				8ED056F62728611A00CECF90 /* Controller */,
				8ED056E827285F0B00CECF90 /* Assets.xcassets */,
				8ED056EA27285F0B00CECF90 /* LaunchScreen.storyboard */,
				8ED056ED27285F0B00CECF90 /* Info.plist */,
			);
			path = Szubienica;
			sourceTree = "<group>";
		};
		8ED056F62728611A00CECF90 /* Controller */ = {
			isa = PBXGroup;
			children = (
				8ED056F72728611B00CECF90 /* ViewController.swift */,
			);
			path = Controller;
			sourceTree = "<group>";
		};
		8ED056F82728611B00CECF90 /* Model */ = {
			isa = PBXGroup;
			children = (
				8ED056F92728611B00CECF90 /* Pytanie.swift */,
				8ED056FA2728611B00CECF90 /* Rdzeń.swift */,
			);
			path = Model;
			sourceTree = "<group>";
		};
		8ED056FB2728611B00CECF90 /* View */ = {
			isa = PBXGroup;
			children = (
				8ED056FC2728611B00CECF90 /* Main.storyboard */,
			);
			path = View;
			sourceTree = "<group>";
		};
/* End PBXGroup section */

/* Begin PBXNativeTarget section */
		8ED056DB27285F0600CECF90 /* Szubienica */ = {
			isa = PBXNativeTarget;
			buildConfigurationList = 8ED056F027285F0B00CECF90 /* Build configuration list for PBXNativeTarget "Szubienica" */;
			buildPhases = (
				8ED056D827285F0600CECF90 /* Sources */,
				8ED056D927285F0600CECF90 /* Frameworks */,
				8ED056DA27285F0600CECF90 /* Resources */,
			);
			buildRules = (
			);
			dependencies = (
			);
			name = Szubienica;
			productName = Szubienica;
			productReference = 8ED056DC27285F0600CECF90 /* Szubienica.app */;
			productType = "com.apple.product-type.application";
		};
/* End PBXNativeTarget section */

/* Begin PBXProject section */
		8ED056D427285F0600CECF90 /* Project object */ = {
			isa = PBXProject;
			attributes = {
				LastSwiftUpdateCheck = 1240;
				LastUpgradeCheck = 1240;
				TargetAttributes = {
					8ED056DB27285F0600CECF90 = {
						CreatedOnToolsVersion = 12.4;
					};
				};
			};
			buildConfigurationList = 8ED056D727285F0600CECF90 /* Build configuration list for PBXProject "Szubienica" */;
			compatibilityVersion = "Xcode 9.3";
			developmentRegion = en;
			hasScannedForEncodings = 0;
			knownRegions = (
				en,
				Base,
			);
			mainGroup = 8ED056D327285F0600CECF90;
			productRefGroup = 8ED056DD27285F0600CECF90 /* Products */;
			projectDirPath = "";
			projectRoot = "";
			targets = (
				8ED056DB27285F0600CECF90 /* Szubienica */,
			);
		};
/* End PBXProject section */

/* Begin PBXResourcesBuildPhase section */
		8ED056DA27285F0600CECF90 /* Resources */ = {
			isa = PBXResourcesBuildPhase;
			buildActionMask = 2147483647;
			files = (
				8ED057012728611B00CECF90 /* Main.storyboard in Resources */,
				8ED056EC27285F0B00CECF90 /* LaunchScreen.storyboard in Resources */,
				8ED056E927285F0B00CECF90 /* Assets.xcassets in Resources */,
			);
			runOnlyForDeploymentPostprocessing = 0;
		};
/* End PBXResourcesBuildPhase section */

/* Begin PBXSourcesBuildPhase section */
		8ED056D827285F0600CECF90 /* Sources */ = {
			isa = PBXSourcesBuildPhase;
			buildActionMask = 2147483647;
			files = (
				8ED057002728611B00CECF90 /* Rdzeń.swift in Sources */,
				8ED056FE2728611B00CECF90 /* ViewController.swift in Sources */,
				8ED056E027285F0600CECF90 /* AppDelegate.swift in Sources */,
				8ED056FF2728611B00CECF90 /* Pytanie.swift in Sources */,
				8ED056E227285F0600CECF90 /* SceneDelegate.swift in Sources */,
			);
			runOnlyForDeploymentPostprocessing = 0;
		};
/* End PBXSourcesBuildPhase section */

/* Begin PBXVariantGroup section */
		8ED056EA27285F0B00CECF90 /* LaunchScreen.storyboard */ = {
			isa = PBXVariantGroup;
			children = (
				8ED056EB27285F0B00CECF90 /* Base */,
			);
			name = LaunchScreen.storyboard;
			sourceTree = "<group>";
		};
		8ED056FC2728611B00CECF90 /* Main.storyboard */ = {
			isa = PBXVariantGroup;
			children = (
				8ED056FD2728611B00CECF90 /* Base */,
			);
			name = Main.storyboard;
			sourceTree = "<group>";
		};
/* End PBXVariantGroup section */

/* Begin XCBuildConfiguration section */
		8ED056EE27285F0B00CECF90 /* Debug */ = {
			isa = XCBuildConfiguration;
			buildSettings = {
				ALWAYS_SEARCH_USER_PATHS = NO;
				CLANG_ANALYZER_NONNULL = YES;
				CLANG_ANALYZER_NUMBER_OBJECT_CONVERSION = YES_AGGRESSIVE;
				CLANG_CXX_LANGUAGE_STANDARD = "gnu++14";
				CLANG_CXX_LIBRARY = "libc++";
				CLANG_ENABLE_MODULES = YES;
				CLANG_ENABLE_OBJC_ARC = YES;
				CLANG_ENABLE_OBJC_WEAK = YES;
				CLANG_WARN_BLOCK_CAPTURE_AUTORELEASING = YES;
				CLANG_WARN_BOOL_CONVERSION = YES;
				CLANG_WARN_COMMA = YES;
				CLANG_WARN_CONSTANT_CONVERSION = YES;
				CLANG_WARN_DEPRECATED_OBJC_IMPLEMENTATIONS = YES;
				CLANG_WARN_DIRECT_OBJC_ISA_USAGE = YES_ERROR;
				CLANG_WARN_DOCUMENTATION_COMMENTS = YES;
				CLANG_WARN_EMPTY_BODY = YES;
				CLANG_WARN_ENUM_CONVERSION = YES;
				CLANG_WARN_INFINITE_RECURSION = YES;
				CLANG_WARN_INT_CONVERSION = YES;
				CLANG_WARN_NON_LITERAL_NULL_CONVERSION = YES;
				CLANG_WARN_OBJC_IMPLICIT_RETAIN_SELF = YES;
				CLANG_WARN_OBJC_LITERAL_CONVERSION = YES;
				CLANG_WARN_OBJC_ROOT_CLASS = YES_ERROR;
				CLANG_WARN_QUOTED_INCLUDE_IN_FRAMEWORK_HEADER = YES;
				CLANG_WARN_RANGE_LOOP_ANALYSIS = YES;
				CLANG_WARN_STRICT_PROTOTYPES = YES;
				CLANG_WARN_SUSPICIOUS_MOVE = YES;
				CLANG_WARN_UNGUARDED_AVAILABILITY = YES_AGGRESSIVE;
				CLANG_WARN_UNREACHABLE_CODE = YES;
				CLANG_WARN__DUPLICATE_METHOD_MATCH = YES;
				COPY_PHASE_STRIP = NO;
				DEBUG_INFORMATION_FORMAT = dwarf;
				ENABLE_STRICT_OBJC_MSGSEND = YES;
				ENABLE_TESTABILITY = YES;
				GCC_C_LANGUAGE_STANDARD = gnu11;
				GCC_DYNAMIC_NO_PIC = NO;
				GCC_NO_COMMON_BLOCKS = YES;
				GCC_OPTIMIZATION_LEVEL = 0;
				GCC_PREPROCESSOR_DEFINITIONS = (
					"DEBUG=1",
					"$(inherited)",
				);
				GCC_WARN_64_TO_32_BIT_CONVERSION = YES;
				GCC_WARN_ABOUT_RETURN_TYPE = YES_ERROR;
				GCC_WARN_UNDECLARED_SELECTOR = YES;
				GCC_WARN_UNINITIALIZED_AUTOS = YES_AGGRESSIVE;
				GCC_WARN_UNUSED_FUNCTION = YES;
				GCC_WARN_UNUSED_VARIABLE = YES;
				IPHONEOS_DEPLOYMENT_TARGET = 14.4;
				MTL_ENABLE_DEBUG_INFO = INCLUDE_SOURCE;
				MTL_FAST_MATH = YES;
				ONLY_ACTIVE_ARCH = YES;
				SDKROOT = iphoneos;
				SWIFT_ACTIVE_COMPILATION_CONDITIONS = DEBUG;
				SWIFT_OPTIMIZATION_LEVEL = "-Onone";
			};
			name = Debug;
		};
		8ED056EF27285F0B00CECF90 /* Release */ = {
			isa = XCBuildConfiguration;
			buildSettings = {
				ALWAYS_SEARCH_USER_PATHS = NO;
				CLANG_ANALYZER_NONNULL = YES;
				CLANG_ANALYZER_NUMBER_OBJECT_CONVERSION = YES_AGGRESSIVE;
				CLANG_CXX_LANGUAGE_STANDARD = "gnu++14";
				CLANG_CXX_LIBRARY = "libc++";
				CLANG_ENABLE_MODULES = YES;
				CLANG_ENABLE_OBJC_ARC = YES;
				CLANG_ENABLE_OBJC_WEAK = YES;
				CLANG_WARN_BLOCK_CAPTURE_AUTORELEASING = YES;
				CLANG_WARN_BOOL_CONVERSION = YES;
				CLANG_WARN_COMMA = YES;
				CLANG_WARN_CONSTANT_CONVERSION = YES;
				CLANG_WARN_DEPRECATED_OBJC_IMPLEMENTATIONS = YES;
				CLANG_WARN_DIRECT_OBJC_ISA_USAGE = YES_ERROR;
				CLANG_WARN_DOCUMENTATION_COMMENTS = YES;
				CLANG_WARN_EMPTY_BODY = YES;
				CLANG_WARN_ENUM_CONVERSION = YES;
				CLANG_WARN_INFINITE_RECURSION = YES;
				CLANG_WARN_INT_CONVERSION = YES;
				CLANG_WARN_NON_LITERAL_NULL_CONVERSION = YES;
				CLANG_WARN_OBJC_IMPLICIT_RETAIN_SELF = YES;
				CLANG_WARN_OBJC_LITERAL_CONVERSION = YES;
				CLANG_WARN_OBJC_ROOT_CLASS = YES_ERROR;
				CLANG_WARN_QUOTED_INCLUDE_IN_FRAMEWORK_HEADER = YES;
				CLANG_WARN_RANGE_LOOP_ANALYSIS = YES;
				CLANG_WARN_STRICT_PROTOTYPES = YES;
				CLANG_WARN_SUSPICIOUS_MOVE = YES;
				CLANG_WARN_UNGUARDED_AVAILABILITY = YES_AGGRESSIVE;
				CLANG_WARN_UNREACHABLE_CODE = YES;
				CLANG_WARN__DUPLICATE_METHOD_MATCH = YES;
				COPY_PHASE_STRIP = NO;
				DEBUG_INFORMATION_FORMAT = "dwarf-with-dsym";
				ENABLE_NS_ASSERTIONS = NO;
				ENABLE_STRICT_OBJC_MSGSEND = YES;
				GCC_C_LANGUAGE_STANDARD = gnu11;
				GCC_NO_COMMON_BLOCKS = YES;
				GCC_WARN_64_TO_32_BIT_CONVERSION = YES;
				GCC_WARN_ABOUT_RETURN_TYPE = YES_ERROR;
				GCC_WARN_UNDECLARED_SELECTOR = YES;
				GCC_WARN_UNINITIALIZED_AUTOS = YES_AGGRESSIVE;
				GCC_WARN_UNUSED_FUNCTION = YES;
				GCC_WARN_UNUSED_VARIABLE = YES;
				IPHONEOS_DEPLOYMENT_TARGET = 14.4;
				MTL_ENABLE_DEBUG_INFO = NO;
				MTL_FAST_MATH = YES;
				SDKROOT = iphoneos;
				SWIFT_COMPILATION_MODE = wholemodule;
				SWIFT_OPTIMIZATION_LEVEL = "-O";
				VALIDATE_PRODUCT = YES;
			};
			name = Release;
		};
		8ED056F127285F0B00CECF90 /* Debug */ = {
			isa = XCBuildConfiguration;
			buildSettings = {
				ASSETCATALOG_COMPILER_APPICON_NAME = AppIcon;
				ASSETCATALOG_COMPILER_GLOBAL_ACCENT_COLOR_NAME = AccentColor;
				CODE_SIGN_STYLE = Automatic;
				DEVELOPMENT_TEAM = G2LHN863DS;
				INFOPLIST_FILE = Szubienica/Info.plist;
				LD_RUNPATH_SEARCH_PATHS = (
					"$(inherited)",
					"@executable_path/Frameworks",
				);
				PRODUCT_BUNDLE_IDENTIFIER = com.jednia.Szubienica;
				PRODUCT_NAME = "$(TARGET_NAME)";
				SWIFT_VERSION = 5.0;
				TARGETED_DEVICE_FAMILY = "1,2";
			};
			name = Debug;
		};
		8ED056F227285F0B00CECF90 /* Release */ = {
			isa = XCBuildConfiguration;
			buildSettings = {
				ASSETCATALOG_COMPILER_APPICON_NAME = AppIcon;
				ASSETCATALOG_COMPILER_GLOBAL_ACCENT_COLOR_NAME = AccentColor;
				CODE_SIGN_STYLE = Automatic;
				DEVELOPMENT_TEAM = G2LHN863DS;
				INFOPLIST_FILE = Szubienica/Info.plist;
				LD_RUNPATH_SEARCH_PATHS = (
					"$(inherited)",
					"@executable_path/Frameworks",
				);
				PRODUCT_BUNDLE_IDENTIFIER = com.jednia.Szubienica;
				PRODUCT_NAME = "$(TARGET_NAME)";
				SWIFT_VERSION = 5.0;
				TARGETED_DEVICE_FAMILY = "1,2";
			};
			name = Release;
		};
/* End XCBuildConfiguration section */

/* Begin XCConfigurationList section */
		8ED056D727285F0600CECF90 /* Build configuration list for PBXProject "Szubienica" */ = {
			isa = XCConfigurationList;
			buildConfigurations = (
				8ED056EE27285F0B00CECF90 /* Debug */,
				8ED056EF27285F0B00CECF90 /* Release */,
			);
			defaultConfigurationIsVisible = 0;
			defaultConfigurationName = Release;
		};
		8ED056F027285F0B00CECF90 /* Build configuration list for PBXNativeTarget "Szubienica" */ = {
			isa = XCConfigurationList;
			buildConfigurations = (
				8ED056F127285F0B00CECF90 /* Debug */,
				8ED056F227285F0B00CECF90 /* Release */,
			);
			defaultConfigurationIsVisible = 0;
			defaultConfigurationName = Release;
		};
/* End XCConfigurationList section */
	};
	rootObject = 8ED056D427285F0600CECF90 /* Project object */;
}
